# This file is autogenerated, do not edit; changes may be undone by the next 'dep ensure'.


[[projects]]
  branch = "master"
  name = "github.com/AllenDang/w32"
  packages = ["."]
  revision = "ad0a36d80adcd081d5c0dded8e97a009b486d1db"

[[projects]]
  branch = "master"
  name = "github.com/mattn/go-gtk"
  packages = [
    "gdk",
    "gdkpixbuf",
    "gio",
    "glib",
    "gtk",
    "pango"
  ]
  revision = "7d65db4a7c69ab6574ecec8cce42763701530544"

[[projects]]
  branch = "master"
  name = "github.com/mattn/go-pointer"
  packages = ["."]
  revision = "1d30dc4b6f28271a3bd126071d4d0363e618415b"

[[projects]]
  branch = "master"
  name = "github.com/sqweek/dialog"
  packages = [
    ".",
    "cocoa"
  ]
  revision = "2f9d9e5dd848a3bad4bdd0210c73bb90c13a3791"

[solve-meta]
  analyzer-name = "dep"
  analyzer-version = 1
  inputs-digest = "a6669866b175b7e2a3395d7ec05399ab146346559d1ab707f0e043e3fdc0f7db"
  solver-name = "gps-cdcl"
  solver-version = 1
